lockfileVersion: '9.0'

settings:
  autoInstallPeers: true
  excludeLinksFromLockfile: false

importers:

  .:
    dependencies:
      '@deepseek-ai/cordis':
        specifier: '>=4'
        version: 4.0.2
      '@deepseek-ai/dsh-skill-filesystem':
        specifier: '>=0.1.0-rc.6'
        version: 0.1.0-rc.8(b421345d6f8c53871a1682711e4867c8)
      '@deepseek-ai/dsh-tools':
        specifier: '>=0.1.0-rc.6'
        version: 0.1.0-rc.8(60a5acffe69dfec1022871fdb15fdfc9)
      '@deepseek-ai/schemastery':
        specifier: '>=3'
        version: 3.18.2
      '@stardeckai/lgtm':
        specifier: ^0.5.1
        version: 0.5.1

packages:

  '@babel/helper-string-parser@7.29.7':
    resolution: {integrity: sha512-Pb5ijPrZ89GDH8223L4UP8i6QApWxs04RbPQJTeWDV0/keR2E36MeKnyr6LYmUUvqRRI+Iv87SuF1W6ErINzYw==}
    engines: {node: '>=6.9.0'}

  '@babel/helper-validator-identifier@7.29.7':
    resolution: {integrity: sha512-qehxGkRj55h/ff8EMaJ+cYhyaKlHIxqYDn682wQD7RNp9UujOQsHog2uS0r2vzr4pW+sXf90NeeayjcNaX3fFg==}
    engines: {node: '>=6.9.0'}

  '@babel/parser@7.29.9':
    resolution: {integrity: sha512-CjXrNHTnvqBVqHgdBysY3vk2T8tpJHb5/RMeHJBTyVa9xgugCB0CJTx/3oO8RV2QRQP391RWpB7D6hLjm8V9uA==}
    engines: {node: '>=6.0.0'}
    hasBin: true

  '@babel/types@7.29.8':
    resolution: {integrity: sha512-Vj1jF3cPfxg7OAfoI7QnVKLoILlm2JF9pnVHrX8qx7AHMiYWT+NDAA7jChlNgRS4WTLc/fD1lXLmPixluj+3Gg==}
    engines: {node: '>=6.9.0'}

  '@deepseek-ai/cordis@4.0.2':
    resolution: {integrity: sha512-asOnXP1TzFSFQlHb1iegDZp0z/8WD1c7YNrwJR/Tx2bzNuMXfcekE/I67Iv6SQXeLB4csxqCngzQKANP7gdw0g==}
    hasBin: true
    peerDependencies:
      '@deepseek-ai/cordis-plugin-include': ^1.0.7
      '@deepseek-ai/cordis-plugin-loader': ^1.0.3
    peerDependenciesMeta:
      '@deepseek-ai/cordis-plugin-include':
        optional: true
      '@deepseek-ai/cordis-plugin-loader':
        optional: true

  '@deepseek-ai/cosmokit@1.8.3':
    resolution: {integrity: sha512-qBo+ronVM6Eu2WNVJXi8JcMiqZ19T9BRIpV+5qJUFPXjGH/Z0QKcQMC/IZJ7L394YTOtJgcovbk9qP0w2GsBXQ==}

  '@deepseek-ai/dsh-agent@0.1.0-rc.8':
    resolution: {integrity: sha512-fOl46ZvzoYHalrlyfOJAHNhzyKeVDTUnZZKNSJEr9GY/98WJTjcV21agVEofTXldkJ7a/ws2HpJkVNJVFMtslg==}
    peerDependencies:
      '@deepseek-ai/cordis': ^4.0.1
      '@deepseek-ai/dsh-invariants': ^0.1.0-rc.8
      '@deepseek-ai/dsh-llm': ^0.1.0-rc.8
      '@deepseek-ai/dsh-scope': ^0.1.0-rc.8
      '@deepseek-ai/dsh-session': ^0.1.0-rc.8
      '@deepseek-ai/dsh-system-prompt': ^0.1.0-rc.8
      '@deepseek-ai/dsh-typert-protocol': ^0.1.0-rc.8

  '@deepseek-ai/dsh-attachment@0.1.0-rc.8':
    resolution: {integrity: sha512-cCrg4WWiav7pGtbdU8dJTpAG28cPnkWVB2YPOrlBCgBbhQziGcG9Dv67Ti6L3PI4OQKC55gYBFinQghFO/7FGg==}
    peerDependencies:
      '@deepseek-ai/cordis': ^4.0.1
      '@deepseek-ai/dsh-brand': ^0.1.0-rc.8
      '@deepseek-ai/dsh-invariants': ^0.1.0-rc.8

  '@deepseek-ai/dsh-brand@0.1.0-rc.8':
    resolution: {integrity: sha512-402aUAfHxIZJrArBV4gDf0I/A/69A/By26FX6HTIOyFmCnB4wUBKh8jnglz1CorKWdZy8AKldAhh8HQhQEbGOQ==}
    peerDependencies:
      '@deepseek-ai/cordis': ^4.0.1
      '@deepseek-ai/dsh-invariants': ^0.1.0-rc.8

  '@deepseek-ai/dsh-code-runtime@0.1.0-rc.8':
    resolution: {integrity: sha512-6ZKyEE7dHH1UkKe5b0lg18Byww/7ocZyrNMVjAoUWEWp5i96Brf9Eavu9q3zepBMDMZJErCfV0pyt7KDhBJSig==}
    peerDependencies:
      '@deepseek-ai/cordis': ^4.0.1
      '@deepseek-ai/dsh-invariants': ^0.1.0-rc.8

  '@deepseek-ai/dsh-fs@0.1.0-rc.8':
    resolution: {integrity: sha512-ge5GW56+z20vYACQ2jqtevusdgMXa64laeU/Chql+VIA3+6xyJ8gLX+oj/1O5TlzhvmZ7ZPfZGBFBEVsEZzTQw==}
    peerDependencies:
      '@deepseek-ai/cordis': ^4.0.1
      '@deepseek-ai/dsh-brand': ^0.1.0-rc.8
      '@deepseek-ai/dsh-invariants': ^0.1.0-rc.8
      '@deepseek-ai/dsh-llm': ^0.1.0-rc.8
      '@deepseek-ai/dsh-sandbox': ^0.1.0-rc.8

  '@deepseek-ai/dsh-home-paths@0.1.0-rc.8':
    resolution: {integrity: sha512-9cQhH9CZsw7Zi73VnZk7CcuEVA6yR/Ox+7lp3VHq53fFYSPi0RL+kMWmh5XCrZB4U1OM3+PVsWsA5II9tB+t0Q==}
    peerDependencies:
      '@deepseek-ai/cordis': ^4.0.1
      '@deepseek-ai/dsh-invariants': ^0.1.0-rc.8

  '@deepseek-ai/dsh-invariants@0.1.0-rc.8':
    resolution: {integrity: sha512-u0lYqyxOYwfsVnbsfGXZos5vFvA4cqFnBEW3/ezgljNwkYwzeUP/Y5wjPnQjP+ZzBn3CnVeIF6s2N2Vk3iA5mQ==}
    peerDependencies:
      '@deepseek-ai/cordis': ^4.0.1

  '@deepseek-ai/dsh-llm@0.1.0-rc.8':
    resolution: {integrity: sha512-hf6RmX2Stn1UtzpktSHQLkIktQkBm9i/3yFfJlbGSkwyw5Cv9sTYJbyoHzsSnnh6i8nRRcMcBhvMgm23I00oIw==}
    peerDependencies:
      '@deepseek-ai/cordis': ^4.0.1
      '@deepseek-ai/dsh-attachment': ^0.1.0-rc.8
      '@deepseek-ai/dsh-brand': ^0.1.0-rc.8
      '@deepseek-ai/dsh-invariants': ^0.1.0-rc.8
      '@deepseek-ai/dsh-timeout': ^0.1.0-rc.8

  '@deepseek-ai/dsh-sandbox@0.1.0-rc.8':
    resolution: {integrity: sha512-dJpy5p/KjKkHG9AnMKU4+/ilj/4DCglsq3kof/jhIwtsZJCix07TEXP9vV8LCv4fU8af7cK3antXw4eVMqkwuQ==}
    peerDependencies:
      '@deepseek-ai/cordis': ^4.0.1
      '@deepseek-ai/dsh-invariants': ^0.1.0-rc.8
      '@deepseek-ai/dsh-llm': ^0.1.0-rc.8
      '@deepseek-ai/dsh-session': ^0.1.0-rc.8

  '@deepseek-ai/dsh-scope@0.1.0-rc.8':
    resolution: {integrity: sha512-/o+PxkVV2zUy9lYlMFr4TWSb+ESW4DE+fI891yIbsLzOJdFgfbmmLpGrlWgnz8/unIGJZxjeXdwyppV04Z277Q==}
    peerDependencies:
      '@deepseek-ai/cordis': ^4.0.1
      '@deepseek-ai/dsh-invariants': ^0.1.0-rc.8

  '@deepseek-ai/dsh-session@0.1.0-rc.8':
    resolution: {integrity: sha512-Qs5Mgn32WPPVB4rKHjsZBgLOkh0TQurUAcc9GaDVudK4dUkpno2HDh++qu/PrwRA3CZ/iwPAoFHCpB3AMMaoLg==}
    peerDependencies:
      '@deepseek-ai/cordis': ^4.0.1
      '@deepseek-ai/dsh-brand': ^0.1.0-rc.8
      '@deepseek-ai/dsh-invariants': ^0.1.0-rc.8
      '@deepseek-ai/dsh-llm': ^0.1.0-rc.8
      '@deepseek-ai/dsh-scope': ^0.1.0-rc.8
      '@deepseek-ai/dsh-typert-protocol': ^0.1.0-rc.8

  '@deepseek-ai/dsh-skill-filesystem@0.1.0-rc.8':
    resolution: {integrity: sha512-A87t/1+wxPiMkUXWVdf4DfgxA8rp1eLmStMvzfdthR/WxtGPzuEv2L5oyNDzKiCBwIcxBN6Fy2THNa2Xba2kQQ==}
    peerDependencies:
      '@deepseek-ai/cordis': ^4.0.1
      '@deepseek-ai/dsh-fs': ^0.1.0-rc.8
      '@deepseek-ai/dsh-home-paths': ^0.1.0-rc.8
      '@deepseek-ai/dsh-invariants': ^0.1.0-rc.8
      '@deepseek-ai/dsh-skill': ^0.1.0-rc.8

  '@deepseek-ai/dsh-skill@0.1.0-rc.8':
    resolution: {integrity: sha512-MqcOzl4Y5pQEvFBNVAi5w0IZWH5kVbXmp1RYScrl+8HpVATZbgumDhztVnEc2kUrZu+o6LKb1hnbunK6JHUE5g==}
    peerDependencies:
      '@deepseek-ai/cordis': ^4.0.1
      '@deepseek-ai/dsh-invariants': ^0.1.0-rc.8
      '@deepseek-ai/dsh-llm': ^0.1.0-rc.8
      '@deepseek-ai/dsh-scope': ^0.1.0-rc.8

  '@deepseek-ai/dsh-system-prompt@0.1.0-rc.8':
    resolution: {integrity: sha512-yk8Z85rzX2EwpKNWA5i+K3I3mqsIIUc9niwbDpXO8vlHvpC2qR3RNHjJIJN2EZYDqfSzTVtkbxHFsuMzDXIbew==}
    peerDependencies:
      '@deepseek-ai/cordis': ^4.0.1
      '@deepseek-ai/dsh-invariants': ^0.1.0-rc.8
      '@deepseek-ai/dsh-llm': ^0.1.0-rc.8
      '@deepseek-ai/dsh-scope': ^0.1.0-rc.8

  '@deepseek-ai/dsh-timeout@0.1.0-rc.8':
    resolution: {integrity: sha512-RwOC/qHribE6b+LStAO7aAgweefLE5sqDO7Uz6/mnTDyJxCt7HNQnE/Op8sAvRa33d752aUkPfO9S0mgzVAoFQ==}
    peerDependencies:
      '@deepseek-ai/cordis': ^4.0.1
      '@deepseek-ai/dsh-invariants': ^0.1.0-rc.8

  '@deepseek-ai/dsh-tools@0.1.0-rc.8':
    resolution: {integrity: sha512-tvuGAVUS4yoPW9zH7CGWJgMlAzGjfu2UlRiricldlcwSKAaJZPZx/K/YfTivUyDTER6aK1DJUnIpVG7RD/DoHQ==}
    peerDependencies:
      '@deepseek-ai/cordis': ^4.0.1
      '@deepseek-ai/dsh-agent': ^0.1.0-rc.8
      '@deepseek-ai/dsh-code-runtime': ^0.1.0-rc.8
      '@deepseek-ai/dsh-invariants': ^0.1.0-rc.8
      '@deepseek-ai/dsh-llm': ^0.1.0-rc.8
      '@deepseek-ai/dsh-scope': ^0.1.0-rc.8
      '@deepseek-ai/dsh-session': ^0.1.0-rc.8
      '@deepseek-ai/dsh-system-prompt': ^0.1.0-rc.8
      '@deepseek-ai/dsh-user-approval': ^0.1.0-rc.8

  '@deepseek-ai/dsh-typert-protocol@0.1.0-rc.8':
    resolution: {integrity: sha512-scwEAefRBL7gRpaXiEdiHRMvlr8dLmUbiEvy0LOAX/8X3FZBd/5tHQ/8lCppAQNTDZMI/LSiSMpu5XrFId+7cQ==}
    peerDependencies:
      '@deepseek-ai/cordis': ^4.0.1
      '@deepseek-ai/dsh-invariants': ^0.1.0-rc.8

  '@deepseek-ai/dsh-user-approval@0.1.0-rc.8':
    resolution: {integrity: sha512-6SFCxp7dgNFEyzQIcs5i9C+5djgXsAeV0iKmZUCLlcIeVM1chcCMHyGcoXlw8yyB14qFMrMs+TPvhvpu2WWxAw==}
    peerDependencies:
      '@deepseek-ai/cordis': ^4.0.1
      '@deepseek-ai/dsh-agent': ^0.1.0-rc.8
      '@deepseek-ai/dsh-brand': ^0.1.0-rc.8
      '@deepseek-ai/dsh-invariants': ^0.1.0-rc.8
      '@deepseek-ai/dsh-llm': ^0.1.0-rc.8
      '@deepseek-ai/dsh-scope': ^0.1.0-rc.8
      '@deepseek-ai/dsh-session': ^0.1.0-rc.8
      '@deepseek-ai/dsh-system-prompt': ^0.1.0-rc.8

  '@deepseek-ai/schemastery@3.18.2':
    resolution: {integrity: sha512-njDtZsznjYxok7KLLlHOPyuv2efdWVbSflAHgztSfbMsg+CVraEoRe2DjOCgClYv3ZCSm7WXoaUkbB/+RY7tWQ==}

  '@standard-schema/spec@1.1.0':
    resolution: {integrity: sha512-l2aFy5jALhniG5HgqrD6jXLi/rUWrKvqN/qJx6yoJsgKhblVd+iqqU4RCXavm/jPityDo5TCvKMnpjKnOriy0w==}

  '@stardeckai/lgtm@0.5.1':
    resolution: {integrity: sha512-uYvhrY5ESePLpDpi0yDbe4JgkZdtTEYz3kSfmjz0IqvjpYjGhAQ1Trz4l5VYEjzt5WUwZiHrmgjw3hjUjHxzvg==}
    engines: {node: '>=20'}
    hasBin: true

  '@typesafe-ai/sdk@0.6.0':
    resolution: {integrity: sha512-IddX+Q0XM+VagOUZFeP7wZjaO4SHMdvnh2zEBdrZZnXedWI3BNK1lKhMx3ayrkFWvVLbVcUHJy6AVZlY+e6Jaw==}
    engines: {node: '>=20'}

  chokidar@5.0.0:
    resolution: {integrity: sha512-TQMmc3w+5AxjpL8iIiwebF73dRDF4fBIieAqGn9RGCWaEVwQ6Fb2cGe31Yns0RRIzii5goJ1Y7xbMwo1TxMplw==}
    engines: {node: '>= 20.19.0'}

  readdirp@5.1.1:
    resolution: {integrity: sha512-Kko+Y5XQ6fM+Ce3dq3m9YGxnacYZYl9cA1wZjaF3Vbry2L3i1qVg8+CAgNPsXRArPMUMCaOR7oa9Nqntc43JKA==}
    engines: {node: '>= 20.19.0'}

  yaml@2.9.1:
    resolution: {integrity: sha512-3NxN8+78OdzbT7C/WjGsyfPAtJaN3FNDsWxv7Y7mcDsT/oOmgW8BpyQQFFBnvZE3j9Y2Sdz1ULFLezL7Eb2yFw==}
    engines: {node: '>= 14.6'}
    hasBin: true

snapshots:

  '@babel/helper-string-parser@7.29.7': {}

  '@babel/helper-validator-identifier@7.29.7': {}

  '@babel/parser@7.29.9':
    dependencies:
      '@babel/types': 7.29.8

  '@babel/types@7.29.8':
    dependencies:
      '@babel/helper-string-parser': 7.29.7
      '@babel/helper-validator-identifier': 7.29.7

  '@deepseek-ai/cordis@4.0.2':
    dependencies:
      '@deepseek-ai/cosmokit': 1.8.3
      '@standard-schema/spec': 1.1.0

  '@deepseek-ai/cosmokit@1.8.3': {}

  '@deepseek-ai/dsh-agent@0.1.0-rc.8(fd02a188607bf95239ea4dc11d806a44)':
    dependencies:
      '@deepseek-ai/cordis': 4.0.2
      '@deepseek-ai/dsh-invariants': 0.1.0-rc.8(@deepseek-ai/cordis@4.0.2)
      '@deepseek-ai/dsh-llm': 0.1.0-rc.8(@deepseek-ai/cordis@4.0.2)(@deepseek-ai/dsh-attachment@0.1.0-rc.8(@deepseek-ai/cordis@4.0.2)(@deepseek-ai/dsh-brand@0.1.0-rc.8(@deepseek-ai/cordis@4.0.2)(@deepseek-ai/dsh-invariants@0.1.0-rc.8(@deepseek-ai/cordis@4.0.2)))(@deepseek-ai/dsh-invariants@0.1.0-rc.8(@deepseek-ai/cordis@4.0.2)))(@deepseek-ai/dsh-brand@0.1.0-rc.8(@deepseek-ai/cordis@4.0.2)(@deepseek-ai/dsh-invariants@0.1.0-rc.8(@deepseek-ai/cordis@4.0.2)))(@deepseek-ai/dsh-invariants@0.1.0-rc.8(@deepseek-ai/cordis@4.0.2))(@deepseek-ai/dsh-timeout@0.1.0-rc.8(@deepseek-ai/cordis@4.0.2)(@deepseek-ai/dsh-invariants@0.1.0-rc.8(@deepseek-ai/cordis@4.0.2)))
      '@deepseek-ai/dsh-scope': 0.1.0-rc.8(@deepseek-ai/cordis@4.0.2)(@deepseek-ai/dsh-invariants@0.1.0-rc.8(@deepseek-ai/cordis@4.0.2))
      '@deepseek-ai/dsh-session': 0.1.0-rc.8(563f6732ba021aee75ff0d3cc3274cba)
      '@deepseek-ai/dsh-system-prompt': 0.1.0-rc.8(@deepseek-ai/cordis@4.0.2)(@deepseek-ai/dsh-invariants@0.1.0-rc.8(@deepseek-ai/cordis@4.0.2))(@deepseek-ai/dsh-llm@0.1.0-rc.8(@deepseek-ai/cordis@4.0.2)(@deepseek-ai/dsh-attachment@0.1.0-rc.8(@deepseek-ai/cordis@4.0.2)(@deepseek-ai/dsh-brand@0.1.0-rc.8(@deepseek-ai/cordis@4.0.2)(@deepseek-ai/dsh-invariants@0.1.0-rc.8(@deepseek-ai/cordis@4.0.2)))(@deepseek-ai/dsh-invariants@0.1.0-rc.8(@deepseek-ai/cordis@4.0.2)))(@deepseek-ai/dsh-brand@0.1.0-rc.8(@deepseek-ai/cordis@4.0.2)(@deepseek-ai/dsh-invariants@0.1.0-rc.8(@deepseek-ai/cordis@4.0.2)))(@deepseek-ai/dsh-invariants@0.1.0-rc.8(@deepseek-ai/cordis@4.0.2))(@deepseek-ai/dsh-timeout@0.1.0-rc.8(@deepseek-ai/cordis@4.0.2)(@deepseek-ai/dsh-invariants@0.1.0-rc.8(@deepseek-ai/cordis@4.0.2))))(@deepseek-ai/dsh-scope@0.1.0-rc.8(@deepseek-ai/cordis@4.0.2)(@deepseek-ai/dsh-invariants@0.1.0-rc.8(@deepseek-ai/cordis@4.0.2)))
      '@deepseek-ai/dsh-typert-protocol': 0.1.0-rc.8(@deepseek-ai/cordis@4.0.2)(@deepseek-ai/dsh-invariants@0.1.0-rc.8(@deepseek-ai/cordis@4.0.2))

  '@deepseek-ai/dsh-attachment@0.1.0-rc.8(@deepseek-ai/cordis@4.0.2)(@deepseek-ai/dsh-brand@0.1.0-rc.8(@deepseek-ai/cordis@4.0.2)(@deepseek-ai/dsh-invariants@0.1.0-rc.8(@deepseek-ai/cordis@4.0.2)))(@deepseek-ai/dsh-invariants@0.1.0-rc.8(@deepseek-ai/cordis@4.0.2))':
    dependencies:
      '@deepseek-ai/cordis': 4.0.2
      '@deepseek-ai/dsh-brand': 0.1.0-rc.8(@deepseek-ai/cordis@4.0.2)(@deepseek-ai/dsh-invariants@0.1.0-rc.8(@deepseek-ai/cordis@4.0.2))
      '@deepseek-ai/dsh-invariants': 0.1.0-rc.8(@deepseek-ai/cordis@4.0.2)

  '@deepseek-ai/dsh-brand@0.1.0-rc.8(@deepseek-ai/cordis@4.0.2)(@deepseek-ai/dsh-invariants@0.1.0-rc.8(@deepseek-ai/cordis@4.0.2))':
    dependencies:
      '@deepseek-ai/cordis': 4.0.2
      '@deepseek-ai/dsh-invariants': 0.1.0-rc.8(@deepseek-ai/cordis@4.0.2)

  '@deepseek-ai/dsh-code-runtime@0.1.0-rc.8(@deepseek-ai/cordis@4.0.2)(@deepseek-ai/dsh-invariants@0.1.0-rc.8(@deepseek-ai/cordis@4.0.2))':
    dependencies:
      '@deepseek-ai/cordis': 4.0.2
      '@deepseek-ai/dsh-invariants': 0.1.0-rc.8(@deepseek-ai/cordis@4.0.2)

  '@deepseek-ai/dsh-fs@0.1.0-rc.8(add0af94591b044347b9c57e01bc84a7)':
    dependencies:
      '@deepseek-ai/cordis': 4.0.2
      '@deepseek-ai/dsh-brand': 0.1.0-rc.8(@deepseek-ai/cordis@4.0.2)(@deepseek-ai/dsh-invariants@0.1.0-rc.8(@deepseek-ai/cordis@4.0.2))
      '@deepseek-ai/dsh-invariants': 0.1.0-rc.8(@deepseek-ai/cordis@4.0.2)
      '@deepseek-ai/dsh-llm': 0.1.0-rc.8(@deepseek-ai/cordis@4.0.2)(@deepseek-ai/dsh-attachment@0.1.0-rc.8(@deepseek-ai/cordis@4.0.2)(@deepseek-ai/dsh-brand@0.1.0-rc.8(@deepseek-ai/cordis@4.0.2)(@deepseek-ai/dsh-invariants@0.1.0-rc.8(@deepseek-ai/cordis@4.0.2)))(@deepseek-ai/dsh-invariants@0.1.0-rc.8(@deepseek-ai/cordis@4.0.2)))(@deepseek-ai/dsh-brand@0.1.0-rc.8(@deepseek-ai/cordis@4.0.2)(@deepseek-ai/dsh-invariants@0.1.0-rc.8(@deepseek-ai/cordis@4.0.2)))(@deepseek-ai/dsh-invariants@0.1.0-rc.8(@deepseek-ai/cordis@4.0.2))(@deepseek-ai/dsh-timeout@0.1.0-rc.8(@deepseek-ai/cordis@4.0.2)(@deepseek-ai/dsh-invariants@0.1.0-rc.8(@deepseek-ai/cordis@4.0.2)))
      '@deepseek-ai/dsh-sandbox': 0.1.0-rc.8(@deepseek-ai/cordis@4.0.2)(@deepseek-ai/dsh-invariants@0.1.0-rc.8(@deepseek-ai/cordis@4.0.2))(@deepseek-ai/dsh-llm@0.1.0-rc.8(@deepseek-ai/cordis@4.0.2)(@deepseek-ai/dsh-attachment@0.1.0-rc.8(@deepseek-ai/cordis@4.0.2)(@deepseek-ai/dsh-brand@0.1.0-rc.8(@deepseek-ai/cordis@4.0.2)(@deepseek-ai/dsh-invariants@0.1.0-rc.8(@deepseek-ai/cordis@4.0.2)))(@deepseek-ai/dsh-invariants@0.1.0-rc.8(@deepseek-ai/cordis@4.0.2)))(@deepseek-ai/dsh-brand@0.1.0-rc.8(@deepseek-ai/cordis@4.0.2)(@deepseek-ai/dsh-invariants@0.1.0-rc.8(@deepseek-ai/cordis@4.0.2)))(@deepseek-ai/dsh-invariants@0.1.0-rc.8(@deepseek-ai/cordis@4.0.2))(@deepseek-ai/dsh-timeout@0.1.0-rc.8(@deepseek-ai/cordis@4.0.2)(@deepseek-ai/dsh-invariants@0.1.0-rc.8(@deepseek-ai/cordis@4.0.2))))(@deepseek-ai/dsh-session@0.1.0-rc.8(563f6732ba021aee75ff0d3cc3274cba))

  '@deepseek-ai/dsh-home-paths@0.1.0-rc.8(@deepseek-ai/cordis@4.0.2)(@deepseek-ai/dsh-invariants@0.1.0-rc.8(@deepseek-ai/cordis@4.0.2))':
    dependencies:
      '@deepseek-ai/cordis': 4.0.2
      '@deepseek-ai/dsh-invariants': 0.1.0-rc.8(@deepseek-ai/cordis@4.0.2)

  '@deepseek-ai/dsh-invariants@0.1.0-rc.8(@deepseek-ai/cordis@4.0.2)':
    dependencies:
      '@deepseek-ai/cordis': 4.0.2
      '@deepseek-ai/schemastery': 3.18.2

  '@deepseek-ai/dsh-llm@0.1.0-rc.8(@deepseek-ai/cordis@4.0.2)(@deepseek-ai/dsh-attachment@0.1.0-rc.8(@deepseek-ai/cordis@4.0.2)(@deepseek-ai/dsh-brand@0.1.0-rc.8(@deepseek-ai/cordis@4.0.2)(@deepseek-ai/dsh-invariants@0.1.0-rc.8(@deepseek-ai/cordis@4.0.2)))(@deepseek-ai/dsh-invariants@0.1.0-rc.8(@deepseek-ai/cordis@4.0.2)))(@deepseek-ai/dsh-brand@0.1.0-rc.8(@deepseek-ai/cordis@4.0.2)(@deepseek-ai/dsh-invariants@0.1.0-rc.8(@deepseek-ai/cordis@4.0.2)))(@deepseek-ai/dsh-invariants@0.1.0-rc.8(@deepseek-ai/cordis@4.0.2))(@deepseek-ai/dsh-timeout@0.1.0-rc.8(@deepseek-ai/cordis@4.0.2)(@deepseek-ai/dsh-invariants@0.1.0-rc.8(@deepseek-ai/cordis@4.0.2)))':
    dependencies:
      '@deepseek-ai/cordis': 4.0.2
      '@deepseek-ai/dsh-attachment': 0.1.0-rc.8(@deepseek-ai/cordis@4.0.2)(@deepseek-ai/dsh-brand@0.1.0-rc.8(@deepseek-ai/cordis@4.0.2)(@deepseek-ai/dsh-invariants@0.1.0-rc.8(@deepseek-ai/cordis@4.0.2)))(@deepseek-ai/dsh-invariants@0.1.0-rc.8(@deepseek-ai/cordis@4.0.2))
      '@deepseek-ai/dsh-brand': 0.1.0-rc.8(@deepseek-ai/cordis@4.0.2)(@deepseek-ai/dsh-invariants@0.1.0-rc.8(@deepseek-ai/cordis@4.0.2))
      '@deepseek-ai/dsh-invariants': 0.1.0-rc.8(@deepseek-ai/cordis@4.0.2)
      '@deepseek-ai/dsh-timeout': 0.1.0-rc.8(@deepseek-ai/cordis@4.0.2)(@deepseek-ai/dsh-invariants@0.1.0-rc.8(@deepseek-ai/cordis@4.0.2))
      '@deepseek-ai/schemastery': 3.18.2

  '@deepseek-ai/dsh-sandbox@0.1.0-rc.8(@deepseek-ai/cordis@4.0.2)(@deepseek-ai/dsh-invariants@0.1.0-rc.8(@deepseek-ai/cordis@4.0.2))(@deepseek-ai/dsh-llm@0.1.0-rc.8(@deepseek-ai/cordis@4.0.2)(@deepseek-ai/dsh-attachment@0.1.0-rc.8(@deepseek-ai/cordis@4.0.2)(@deepseek-ai/dsh-brand@0.1.0-rc.8(@deepseek-ai/cordis@4.0.2)(@deepseek-ai/dsh-invariants@0.1.0-rc.8(@deepseek-ai/cordis@4.0.2)))(@deepseek-ai/dsh-invariants@0.1.0-rc.8(@deepseek-ai/cordis@4.0.2)))(@deepseek-ai/dsh-brand@0.1.0-rc.8(@deepseek-ai/cordis@4.0.2)(@deepseek-ai/dsh-invariants@0.1.0-rc.8(@deepseek-ai/cordis@4.0.2)))(@deepseek-ai/dsh-invariants@0.1.0-rc.8(@deepseek-ai/cordis@4.0.2))(@deepseek-ai/dsh-timeout@0.1.0-rc.8(@deepseek-ai/cordis@4.0.2)(@deepseek-ai/dsh-invariants@0.1.0-rc.8(@deepseek-ai/cordis@4.0.2))))(@deepseek-ai/dsh-session@0.1.0-rc.8(563f6732ba021aee75ff0d3cc3274cba))':
    dependencies:
      '@deepseek-ai/cordis': 4.0.2
      '@deepseek-ai/dsh-invariants': 0.1.0-rc.8(@deepseek-ai/cordis@4.0.2)
      '@deepseek-ai/dsh-llm': 0.1.0-rc.8(@deepseek-ai/cordis@4.0.2)(@deepseek-ai/dsh-attachment@0.1.0-rc.8(@deepseek-ai/cordis@4.0.2)(@deepseek-ai/dsh-brand@0.1.0-rc.8(@deepseek-ai/cordis@4.0.2)(@deepseek-ai/dsh-invariants@0.1.0-rc.8(@deepseek-ai/cordis@4.0.2)))(@deepseek-ai/dsh-invariants@0.1.0-rc.8(@deepseek-ai/cordis@4.0.2)))(@deepseek-ai/dsh-brand@0.1.0-rc.8(@deepseek-ai/cordis@4.0.2)(@deepseek-ai/dsh-invariants@0.1.0-rc.8(@deepseek-ai/cordis@4.0.2)))(@deepseek-ai/dsh-invariants@0.1.0-rc.8(@deepseek-ai/cordis@4.0.2))(@deepseek-ai/dsh-timeout@0.1.0-rc.8(@deepseek-ai/cordis@4.0.2)(@deepseek-ai/dsh-invariants@0.1.0-rc.8(@deepseek-ai/cordis@4.0.2)))
      '@deepseek-ai/dsh-session': 0.1.0-rc.8(563f6732ba021aee75ff0d3cc3274cba)

  '@deepseek-ai/dsh-scope@0.1.0-rc.8(@deepseek-ai/cordis@4.0.2)(@deepseek-ai/dsh-invariants@0.1.0-rc.8(@deepseek-ai/cordis@4.0.2))':
    dependencies:
      '@deepseek-ai/cordis': 4.0.2
      '@deepseek-ai/dsh-invariants': 0.1.0-rc.8(@deepseek-ai/cordis@4.0.2)

  '@deepseek-ai/dsh-session@0.1.0-rc.8(563f6732ba021aee75ff0d3cc3274cba)':
    dependencies:
      '@deepseek-ai/cordis': 4.0.2
      '@deepseek-ai/dsh-brand': 0.1.0-rc.8(@deepseek-ai/cordis@4.0.2)(@deepseek-ai/dsh-invariants@0.1.0-rc.8(@deepseek-ai/cordis@4.0.2))
      '@deepseek-ai/dsh-invariants': 0.1.0-rc.8(@deepseek-ai/cordis@4.0.2)
      '@deepseek-ai/dsh-llm': 0.1.0-rc.8(@deepseek-ai/cordis@4.0.2)(@deepseek-ai/dsh-attachment@0.1.0-rc.8(@deepseek-ai/cordis@4.0.2)(@deepseek-ai/dsh-brand@0.1.0-rc.8(@deepseek-ai/cordis@4.0.2)(@deepseek-ai/dsh-invariants@0.1.0-rc.8(@deepseek-ai/cordis@4.0.2)))(@deepseek-ai/dsh-invariants@0.1.0-rc.8(@deepseek-ai/cordis@4.0.2)))(@deepseek-ai/dsh-brand@0.1.0-rc.8(@deepseek-ai/cordis@4.0.2)(@deepseek-ai/dsh-invariants@0.1.0-rc.8(@deepseek-ai/cordis@4.0.2)))(@deepseek-ai/dsh-invariants@0.1.0-rc.8(@deepseek-ai/cordis@4.0.2))(@deepseek-ai/dsh-timeout@0.1.0-rc.8(@deepseek-ai/cordis@4.0.2)(@deepseek-ai/dsh-invariants@0.1.0-rc.8(@deepseek-ai/cordis@4.0.2)))
      '@deepseek-ai/dsh-scope': 0.1.0-rc.8(@deepseek-ai/cordis@4.0.2)(@deepseek-ai/dsh-invariants@0.1.0-rc.8(@deepseek-ai/cordis@4.0.2))
      '@deepseek-ai/dsh-typert-protocol': 0.1.0-rc.8(@deepseek-ai/cordis@4.0.2)(@deepseek-ai/dsh-invariants@0.1.0-rc.8(@deepseek-ai/cordis@4.0.2))

  '@deepseek-ai/dsh-skill-filesystem@0.1.0-rc.8(b421345d6f8c53871a1682711e4867c8)':
    dependencies:
      '@deepseek-ai/cordis': 4.0.2
      '@deepseek-ai/dsh-fs': 0.1.0-rc.8(add0af94591b044347b9c57e01bc84a7)
      '@deepseek-ai/dsh-home-paths': 0.1.0-rc.8(@deepseek-ai/cordis@4.0.2)(@deepseek-ai/dsh-invariants@0.1.0-rc.8(@deepseek-ai/cordis@4.0.2))
      '@deepseek-ai/dsh-invariants': 0.1.0-rc.8(@deepseek-ai/cordis@4.0.2)
      '@deepseek-ai/dsh-skill': 0.1.0-rc.8(@deepseek-ai/cordis@4.0.2)(@deepseek-ai/dsh-invariants@0.1.0-rc.8(@deepseek-ai/cordis@4.0.2))(@deepseek-ai/dsh-llm@0.1.0-rc.8(@deepseek-ai/cordis@4.0.2)(@deepseek-ai/dsh-attachment@0.1.0-rc.8(@deepseek-ai/cordis@4.0.2)(@deepseek-ai/dsh-brand@0.1.0-rc.8(@deepseek-ai/cordis@4.0.2)(@deepseek-ai/dsh-invariants@0.1.0-rc.8(@deepseek-ai/cordis@4.0.2)))(@deepseek-ai/dsh-invariants@0.1.0-rc.8(@deepseek-ai/cordis@4.0.2)))(@deepseek-ai/dsh-brand@0.1.0-rc.8(@deepseek-ai/cordis@4.0.2)(@deepseek-ai/dsh-invariants@0.1.0-rc.8(@deepseek-ai/cordis@4.0.2)))(@deepseek-ai/dsh-invariants@0.1.0-rc.8(@deepseek-ai/cordis@4.0.2))(@deepseek-ai/dsh-timeout@0.1.0-rc.8(@deepseek-ai/cordis@4.0.2)(@deepseek-ai/dsh-invariants@0.1.0-rc.8(@deepseek-ai/cordis@4.0.2))))(@deepseek-ai/dsh-scope@0.1.0-rc.8(@deepseek-ai/cordis@4.0.2)(@deepseek-ai/dsh-invariants@0.1.0-rc.8(@deepseek-ai/cordis@4.0.2)))
      '@deepseek-ai/schemastery': 3.18.2
      chokidar: 5.0.0
      yaml: 2.9.1

  '@deepseek-ai/dsh-skill@0.1.0-rc.8(@deepseek-ai/cordis@4.0.2)(@deepseek-ai/dsh-invariants@0.1.0-rc.8(@deepseek-ai/cordis@4.0.2))(@deepseek-ai/dsh-llm@0.1.0-rc.8(@deepseek-ai/cordis@4.0.2)(@deepseek-ai/dsh-attachment@0.1.0-rc.8(@deepseek-ai/cordis@4.0.2)(@deepseek-ai/dsh-brand@0.1.0-rc.8(@deepseek-ai/cordis@4.0.2)(@deepseek-ai/dsh-invariants@0.1.0-rc.8(@deepseek-ai/cordis@4.0.2)))(@deepseek-ai/dsh-invariants@0.1.0-rc.8(@deepseek-ai/cordis@4.0.2)))(@deepseek-ai/dsh-brand@0.1.0-rc.8(@deepseek-ai/cordis@4.0.2)(@deepseek-ai/dsh-invariants@0.1.0-rc.8(@deepseek-ai/cordis@4.0.2)))(@deepseek-ai/dsh-invariants@0.1.0-rc.8(@deepseek-ai/cordis@4.0.2))(@deepseek-ai/dsh-timeout@0.1.0-rc.8(@deepseek-ai/cordis@4.0.2)(@deepseek-ai/dsh-invariants@0.1.0-rc.8(@deepseek-ai/cordis@4.0.2))))(@deepseek-ai/dsh-scope@0.1.0-rc.8(@deepseek-ai/cordis@4.0.2)(@deepseek-ai/dsh-invariants@0.1.0-rc.8(@deepseek-ai/cordis@4.0.2)))':
    dependencies:
      '@deepseek-ai/cordis': 4.0.2
      '@deepseek-ai/dsh-invariants': 0.1.0-rc.8(@deepseek-ai/cordis@4.0.2)
      '@deepseek-ai/dsh-llm': 0.1.0-rc.8(@deepseek-ai/cordis@4.0.2)(@deepseek-ai/dsh-attachment@0.1.0-rc.8(@deepseek-ai/cordis@4.0.2)(@deepseek-ai/dsh-brand@0.1.0-rc.8(@deepseek-ai/cordis@4.0.2)(@deepseek-ai/dsh-invariants@0.1.0-rc.8(@deepseek-ai/cordis@4.0.2)))(@deepseek-ai/dsh-invariants@0.1.0-rc.8(@deepseek-ai/cordis@4.0.2)))(@deepseek-ai/dsh-brand@0.1.0-rc.8(@deepseek-ai/cordis@4.0.2)(@deepseek-ai/dsh-invariants@0.1.0-rc.8(@deepseek-ai/cordis@4.0.2)))(@deepseek-ai/dsh-invariants@0.1.0-rc.8(@deepseek-ai/cordis@4.0.2))(@deepseek-ai/dsh-timeout@0.1.0-rc.8(@deepseek-ai/cordis@4.0.2)(@deepseek-ai/dsh-invariants@0.1.0-rc.8(@deepseek-ai/cordis@4.0.2)))
      '@deepseek-ai/dsh-scope': 0.1.0-rc.8(@deepseek-ai/cordis@4.0.2)(@deepseek-ai/dsh-invariants@0.1.0-rc.8(@deepseek-ai/cordis@4.0.2))
      '@deepseek-ai/schemastery': 3.18.2

  '@deepseek-ai/dsh-system-prompt@0.1.0-rc.8(@deepseek-ai/cordis@4.0.2)(@deepseek-ai/dsh-invariants@0.1.0-rc.8(@deepseek-ai/cordis@4.0.2))(@deepseek-ai/dsh-llm@0.1.0-rc.8(@deepseek-ai/cordis@4.0.2)(@deepseek-ai/dsh-attachment@0.1.0-rc.8(@deepseek-ai/cordis@4.0.2)(@deepseek-ai/dsh-brand@0.1.0-rc.8(@deepseek-ai/cordis@4.0.2)(@deepseek-ai/dsh-invariants@0.1.0-rc.8(@deepseek-ai/cordis@4.0.2)))(@deepseek-ai/dsh-invariants@0.1.0-rc.8(@deepseek-ai/cordis@4.0.2)))(@deepseek-ai/dsh-brand@0.1.0-rc.8(@deepseek-ai/cordis@4.0.2)(@deepseek-ai/dsh-invariants@0.1.0-rc.8(@deepseek-ai/cordis@4.0.2)))(@deepseek-ai/dsh-invariants@0.1.0-rc.8(@deepseek-ai/cordis@4.0.2))(@deepseek-ai/dsh-timeout@0.1.0-rc.8(@deepseek-ai/cordis@4.0.2)(@deepseek-ai/dsh-invariants@0.1.0-rc.8(@deepseek-ai/cordis@4.0.2))))(@deepseek-ai/dsh-scope@0.1.0-rc.8(@deepseek-ai/cordis@4.0.2)(@deepseek-ai/dsh-invariants@0.1.0-rc.8(@deepseek-ai/cordis@4.0.2)))':
    dependencies:
      '@deepseek-ai/cordis': 4.0.2
      '@deepseek-ai/dsh-invariants': 0.1.0-rc.8(@deepseek-ai/cordis@4.0.2)
      '@deepseek-ai/dsh-llm': 0.1.0-rc.8(@deepseek-ai/cordis@4.0.2)(@deepseek-ai/dsh-attachment@0.1.0-rc.8(@deepseek-ai/cordis@4.0.2)(@deepseek-ai/dsh-brand@0.1.0-rc.8(@deepseek-ai/cordis@4.0.2)(@deepseek-ai/dsh-invariants@0.1.0-rc.8(@deepseek-ai/cordis@4.0.2)))(@deepseek-ai/dsh-invariants@0.1.0-rc.8(@deepseek-ai/cordis@4.0.2)))(@deepseek-ai/dsh-brand@0.1.0-rc.8(@deepseek-ai/cordis@4.0.2)(@deepseek-ai/dsh-invariants@0.1.0-rc.8(@deepseek-ai/cordis@4.0.2)))(@deepseek-ai/dsh-invariants@0.1.0-rc.8(@deepseek-ai/cordis@4.0.2))(@deepseek-ai/dsh-timeout@0.1.0-rc.8(@deepseek-ai/cordis@4.0.2)(@deepseek-ai/dsh-invariants@0.1.0-rc.8(@deepseek-ai/cordis@4.0.2)))
      '@deepseek-ai/dsh-scope': 0.1.0-rc.8(@deepseek-ai/cordis@4.0.2)(@deepseek-ai/dsh-invariants@0.1.0-rc.8(@deepseek-ai/cordis@4.0.2))
      '@deepseek-ai/schemastery': 3.18.2

  '@deepseek-ai/dsh-timeout@0.1.0-rc.8(@deepseek-ai/cordis@4.0.2)(@deepseek-ai/dsh-invariants@0.1.0-rc.8(@deepseek-ai/cordis@4.0.2))':
    dependencies:
      '@deepseek-ai/cordis': 4.0.2
      '@deepseek-ai/dsh-invariants': 0.1.0-rc.8(@deepseek-ai/cordis@4.0.2)

  '@deepseek-ai/dsh-tools@0.1.0-rc.8(60a5acffe69dfec1022871fdb15fdfc9)':
    dependencies:
      '@deepseek-ai/cordis': 4.0.2
      '@deepseek-ai/dsh-agent': 0.1.0-rc.8(fd02a188607bf95239ea4dc11d806a44)
      '@deepseek-ai/dsh-code-runtime': 0.1.0-rc.8(@deepseek-ai/cordis@4.0.2)(@deepseek-ai/dsh-invariants@0.1.0-rc.8(@deepseek-ai/cordis@4.0.2))
      '@deepseek-ai/dsh-invariants': 0.1.0-rc.8(@deepseek-ai/cordis@4.0.2)
      '@deepseek-ai/dsh-llm': 0.1.0-rc.8(@deepseek-ai/cordis@4.0.2)(@deepseek-ai/dsh-attachment@0.1.0-rc.8(@deepseek-ai/cordis@4.0.2)(@deepseek-ai/dsh-brand@0.1.0-rc.8(@deepseek-ai/cordis@4.0.2)(@deepseek-ai/dsh-invariants@0.1.0-rc.8(@deepseek-ai/cordis@4.0.2)))(@deepseek-ai/dsh-invariants@0.1.0-rc.8(@deepseek-ai/cordis@4.0.2)))(@deepseek-ai/dsh-brand@0.1.0-rc.8(@deepseek-ai/cordis@4.0.2)(@deepseek-ai/dsh-invariants@0.1.0-rc.8(@deepseek-ai/cordis@4.0.2)))(@deepseek-ai/dsh-invariants@0.1.0-rc.8(@deepseek-ai/cordis@4.0.2))(@deepseek-ai/dsh-timeout@0.1.0-rc.8(@deepseek-ai/cordis@4.0.2)(@deepseek-ai/dsh-invariants@0.1.0-rc.8(@deepseek-ai/cordis@4.0.2)))
      '@deepseek-ai/dsh-scope': 0.1.0-rc.8(@deepseek-ai/cordis@4.0.2)(@deepseek-ai/dsh-invariants@0.1.0-rc.8(@deepseek-ai/cordis@4.0.2))
      '@deepseek-ai/dsh-session': 0.1.0-rc.8(563f6732ba021aee75ff0d3cc3274cba)
      '@deepseek-ai/dsh-system-prompt': 0.1.0-rc.8(@deepseek-ai/cordis@4.0.2)(@deepseek-ai/dsh-invariants@0.1.0-rc.8(@deepseek-ai/cordis@4.0.2))(@deepseek-ai/dsh-llm@0.1.0-rc.8(@deepseek-ai/cordis@4.0.2)(@deepseek-ai/dsh-attachment@0.1.0-rc.8(@deepseek-ai/cordis@4.0.2)(@deepseek-ai/dsh-brand@0.1.0-rc.8(@deepseek-ai/cordis@4.0.2)(@deepseek-ai/dsh-invariants@0.1.0-rc.8(@deepseek-ai/cordis@4.0.2)))(@deepseek-ai/dsh-invariants@0.1.0-rc.8(@deepseek-ai/cordis@4.0.2)))(@deepseek-ai/dsh-brand@0.1.0-rc.8(@deepseek-ai/cordis@4.0.2)(@deepseek-ai/dsh-invariants@0.1.0-rc.8(@deepseek-ai/cordis@4.0.2)))(@deepseek-ai/dsh-invariants@0.1.0-rc.8(@deepseek-ai/cordis@4.0.2))(@deepseek-ai/dsh-timeout@0.1.0-rc.8(@deepseek-ai/cordis@4.0.2)(@deepseek-ai/dsh-invariants@0.1.0-rc.8(@deepseek-ai/cordis@4.0.2))))(@deepseek-ai/dsh-scope@0.1.0-rc.8(@deepseek-ai/cordis@4.0.2)(@deepseek-ai/dsh-invariants@0.1.0-rc.8(@deepseek-ai/cordis@4.0.2)))
      '@deepseek-ai/dsh-user-approval': 0.1.0-rc.8(7f2caa0c7ae16afb1bf73caef0930f87)
      '@deepseek-ai/schemastery': 3.18.2

  '@deepseek-ai/dsh-typert-protocol@0.1.0-rc.8(@deepseek-ai/cordis@4.0.2)(@deepseek-ai/dsh-invariants@0.1.0-rc.8(@deepseek-ai/cordis@4.0.2))':
    dependencies:
      '@deepseek-ai/cordis': 4.0.2
      '@deepseek-ai/dsh-invariants': 0.1.0-rc.8(@deepseek-ai/cordis@4.0.2)

  '@deepseek-ai/dsh-user-approval@0.1.0-rc.8(7f2caa0c7ae16afb1bf73caef0930f87)':
    dependencies:
      '@deepseek-ai/cordis': 4.0.2
      '@deepseek-ai/dsh-agent': 0.1.0-rc.8(fd02a188607bf95239ea4dc11d806a44)
      '@deepseek-ai/dsh-brand': 0.1.0-rc.8(@deepseek-ai/cordis@4.0.2)(@deepseek-ai/dsh-invariants@0.1.0-rc.8(@deepseek-ai/cordis@4.0.2))
      '@deepseek-ai/dsh-invariants': 0.1.0-rc.8(@deepseek-ai/cordis@4.0.2)
      '@deepseek-ai/dsh-llm': 0.1.0-rc.8(@deepseek-ai/cordis@4.0.2)(@deepseek-ai/dsh-attachment@0.1.0-rc.8(@deepseek-ai/cordis@4.0.2)(@deepseek-ai/dsh-brand@0.1.0-rc.8(@deepseek-ai/cordis@4.0.2)(@deepseek-ai/dsh-invariants@0.1.0-rc.8(@deepseek-ai/cordis@4.0.2)))(@deepseek-ai/dsh-invariants@0.1.0-rc.8(@deepseek-ai/cordis@4.0.2)))(@deepseek-ai/dsh-brand@0.1.0-rc.8(@deepseek-ai/cordis@4.0.2)(@deepseek-ai/dsh-invariants@0.1.0-rc.8(@deepseek-ai/cordis@4.0.2)))(@deepseek-ai/dsh-invariants@0.1.0-rc.8(@deepseek-ai/cordis@4.0.2))(@deepseek-ai/dsh-timeout@0.1.0-rc.8(@deepseek-ai/cordis@4.0.2)(@deepseek-ai/dsh-invariants@0.1.0-rc.8(@deepseek-ai/cordis@4.0.2)))
      '@deepseek-ai/dsh-scope': 0.1.0-rc.8(@deepseek-ai/cordis@4.0.2)(@deepseek-ai/dsh-invariants@0.1.0-rc.8(@deepseek-ai/cordis@4.0.2))
      '@deepseek-ai/dsh-session': 0.1.0-rc.8(563f6732ba021aee75ff0d3cc3274cba)
      '@deepseek-ai/dsh-system-prompt': 0.1.0-rc.8(@deepseek-ai/cordis@4.0.2)(@deepseek-ai/dsh-invariants@0.1.0-rc.8(@deepseek-ai/cordis@4.0.2))(@deepseek-ai/dsh-llm@0.1.0-rc.8(@deepseek-ai/cordis@4.0.2)(@deepseek-ai/dsh-attachment@0.1.0-rc.8(@deepseek-ai/cordis@4.0.2)(@deepseek-ai/dsh-brand@0.1.0-rc.8(@deepseek-ai/cordis@4.0.2)(@deepseek-ai/dsh-invariants@0.1.0-rc.8(@deepseek-ai/cordis@4.0.2)))(@deepseek-ai/dsh-invariants@0.1.0-rc.8(@deepseek-ai/cordis@4.0.2)))(@deepseek-ai/dsh-brand@0.1.0-rc.8(@deepseek-ai/cordis@4.0.2)(@deepseek-ai/dsh-invariants@0.1.0-rc.8(@deepseek-ai/cordis@4.0.2)))(@deepseek-ai/dsh-invariants@0.1.0-rc.8(@deepseek-ai/cordis@4.0.2))(@deepseek-ai/dsh-timeout@0.1.0-rc.8(@deepseek-ai/cordis@4.0.2)(@deepseek-ai/dsh-invariants@0.1.0-rc.8(@deepseek-ai/cordis@4.0.2))))(@deepseek-ai/dsh-scope@0.1.0-rc.8(@deepseek-ai/cordis@4.0.2)(@deepseek-ai/dsh-invariants@0.1.0-rc.8(@deepseek-ai/cordis@4.0.2)))
      '@deepseek-ai/schemastery': 3.18.2

  '@deepseek-ai/schemastery@3.18.2':
    dependencies:
      '@deepseek-ai/cosmokit': 1.8.3
      '@standard-schema/spec': 1.1.0

  '@standard-schema/spec@1.1.0': {}

  '@stardeckai/lgtm@0.5.1':
    dependencies:
      '@babel/parser': 7.29.9
      '@typesafe-ai/sdk': 0.6.0

  '@typesafe-ai/sdk@0.6.0': {}

  chokidar@5.0.0:
    dependencies:
      readdirp: 5.1.1

  readdirp@5.1.1: {}

  yaml@2.9.1: {}
